# generated by rye
# use `rye lock` or `rye sync` to update this lockfile
#
# last locked with the following flags:
#   pre: false
#   features: []
#   all-features: false
#   with-sources: false

-e file:.
easygui==0.98.3
    # via python-code-dump
et-xmlfile==1.1.0
    # via openpyxl
mypy==1.9.0
mypy-extensions==1.0.0
    # via mypy
openpyxl==3.1.2
    # via python-code-dump
pyopengl==3.1.7
    # via python-code-dump
ruff==0.3.3
types-openpyxl==3.1.0.20240311
typing-extensions==4.10.0
    # via mypy
